
Microsoft Visual Studio Solution File, Format Version 12.00
# Visual Studio Version 17
VisualStudioVersion = 17.5.33530.505
MinimumVisualStudioVersion = 10.0.40219.1
Project("{FAE04EC0-301F-11D3-BF4B-00C04F79EFBC}") = "IfElse", "IfElse.csproj", "{228635C5-0A1B-4948-88DE-A1EA00F56B96}"
EndProject
Global
	GlobalSection(SolutionConfigurationPlatforms) = preSolution
		Debug|Any CPU = Debug|Any CPU
		Release|Any CPU = Release|Any CPU
	EndGlobalSection
	GlobalSection(ProjectConfigurationPlatforms) = postSolution
		{228635C5-0A1B-4948-88DE-A1EA00F56B96}.Debug|Any CPU.ActiveCfg = Debug|Any CPU
		{228635C5-0A1B-4948-88DE-A1EA00F56B96}.Debug|Any CPU.Build.0 = Debug|Any CPU
		{228635C5-0A1B-4948-88DE-A1EA00F56B96}.Release|Any CPU.ActiveCfg = Release|Any CPU
		{228635C5-0A1B-4948-88DE-A1EA00F56B96}.Release|Any CPU.Build.0 = Release|Any CPU
	EndGlobalSection
	GlobalSection(SolutionProperties) = preSolution
		HideSolutionNode = FALSE
	EndGlobalSection
	GlobalSection(ExtensibilityGlobals) = postSolution
		SolutionGuid = {DEEF1EC3-C3A4-4718-9DD8-3A2C95D40ABA}
	EndGlobalSection
EndGlobal
