
Microsoft Visual Studio Solution File, Format Version 12.00
# Visual Studio Version 17
VisualStudioVersion = 17.5.33530.505
MinimumVisualStudioVersion = 10.0.40219.1
Project("{FAE04EC0-301F-11D3-BF4B-00C04F79EFBC}") = "SwitchCase", "SwitchCase.csproj", "{C30FB551-1037-4E3A-9780-29DAC2C24ED5}"
EndProject
Global
	GlobalSection(SolutionConfigurationPlatforms) = preSolution
		Debug|Any CPU = Debug|Any CPU
		Release|Any CPU = Release|Any CPU
	EndGlobalSection
	GlobalSection(ProjectConfigurationPlatforms) = postSolution
		{C30FB551-1037-4E3A-9780-29DAC2C24ED5}.Debug|Any CPU.ActiveCfg = Debug|Any CPU
		{C30FB551-1037-4E3A-9780-29DAC2C24ED5}.Debug|Any CPU.Build.0 = Debug|Any CPU
		{C30FB551-1037-4E3A-9780-29DAC2C24ED5}.Release|Any CPU.ActiveCfg = Release|Any CPU
		{C30FB551-1037-4E3A-9780-29DAC2C24ED5}.Release|Any CPU.Build.0 = Release|Any CPU
	EndGlobalSection
	GlobalSection(SolutionProperties) = preSolution
		HideSolutionNode = FALSE
	EndGlobalSection
	GlobalSection(ExtensibilityGlobals) = postSolution
		SolutionGuid = {54A3293D-3EC3-489E-9567-E67E37CB65C3}
	EndGlobalSection
EndGlobal
